// !$*UTF8*$!
{
	archiveVersion = 1;
	classes = {
	};
	objectVersion = 50;
	objects = {

/* Begin PBXBuildFile section */
		265B9DACD001BC87E57A5081 /* Pods_Hand_Control.framework in Frameworks */ = {isa = PBXBuildFile; fileRef = 128216B2CFE2D864973A1C03 /* Pods_Hand_Control.framework */; };
		DDA8C9AE213768270095CEC7 /* AppDelegate.swift in Sources */ = {isa = PBXBuildFile; fileRef = DDA8C9AD213768270095CEC7 /* AppDelegate.swift */; };
		DDA8C9B0213768270095CEC7 /* ViewController.swift in Sources */ = {isa = PBXBuildFile; fileRef = DDA8C9AF213768270095CEC7 /* ViewController.swift */; };
		DDA8C9B3213768270095CEC7 /* Main.storyboard in Resources */ = {isa = PBXBuildFile; fileRef = DDA8C9B1213768270095CEC7 /* Main.storyboard */; };
		DDA8C9B5213768290095CEC7 /* Assets.xcassets in Resources */ = {isa = PBXBuildFile; fileRef = DDA8C9B4213768290095CEC7 /* Assets.xcassets */; };
		DDA8C9B8213768290095CEC7 /* LaunchScreen.storyboard in Resources */ = {isa = PBXBuildFile; fileRef = DDA8C9B6213768290095CEC7 /* LaunchScreen.storyboard */; };
		DDCFAC782146FF1C00E26D3B /* Hand.swift in Sources */ = {isa = PBXBuildFile; fileRef = DDCFAC772146FF1C00E26D3B /* Hand.swift */; };
		DDCFAC7E214AE02000E26D3B /* Extensions.swift in Sources */ = {isa = PBXBuildFile; fileRef = DDCFAC7D214AE02000E26D3B /* Extensions.swift */; };
		DDE4E5C2214CF1AF004827B2 /* off.wav in Resources */ = {isa = PBXBuildFile; fileRef = DDE4E5C0214CF1AF004827B2 /* off.wav */; };
		DDE4E5C3214CF1AF004827B2 /* on.wav in Resources */ = {isa = PBXBuildFile; fileRef = DDE4E5C1214CF1AF004827B2 /* on.wav */; };
/* End PBXBuildFile section */

/* Begin PBXFileReference section */
		128216B2CFE2D864973A1C03 /* Pods_Hand_Control.framework */ = {isa = PBXFileReference; explicitFileType = wrapper.framework; includeInIndex = 0; path = Pods_Hand_Control.framework; sourceTree = BUILT_PRODUCTS_DIR; };
		C8BEBE2C15CF55301DA55FE2 /* Pods-Hand Control.release.xcconfig */ = {isa = PBXFileReference; includeInIndex = 1; lastKnownFileType = text.xcconfig; name = "Pods-Hand Control.release.xcconfig"; path = "Pods/Target Support Files/Pods-Hand Control/Pods-Hand Control.release.xcconfig"; sourceTree = "<group>"; };
		D2461FAB505AF73FC61912E0 /* Pods-Hand Control.debug.xcconfig */ = {isa = PBXFileReference; includeInIndex = 1; lastKnownFileType = text.xcconfig; name = "Pods-Hand Control.debug.xcconfig"; path = "Pods/Target Support Files/Pods-Hand Control/Pods-Hand Control.debug.xcconfig"; sourceTree = "<group>"; };
		DDA8C9AA213768260095CEC7 /* Hands-On AR.app */ = {isa = PBXFileReference; explicitFileType = wrapper.application; includeInIndex = 0; path = "Hands-On AR.app"; sourceTree = BUILT_PRODUCTS_DIR; };
		DDA8C9AD213768270095CEC7 /* AppDelegate.swift */ = {isa = PBXFileReference; lastKnownFileType = sourcecode.swift; path = AppDelegate.swift; sourceTree = "<group>"; };
		DDA8C9AF213768270095CEC7 /* ViewController.swift */ = {isa = PBXFileReference; lastKnownFileType = sourcecode.swift; path = ViewController.swift; sourceTree = "<group>"; };
		DDA8C9B2213768270095CEC7 /* Base */ = {isa = PBXFileReference; lastKnownFileType = file.storyboard; name = Base; path = Base.lproj/Main.storyboard; sourceTree = "<group>"; };
		DDA8C9B4213768290095CEC7 /* Assets.xcassets */ = {isa = PBXFileReference; lastKnownFileType = folder.assetcatalog; path = Assets.xcassets; sourceTree = "<group>"; };
		DDA8C9B7213768290095CEC7 /* Base */ = {isa = PBXFileReference; lastKnownFileType = file.storyboard; name = Base; path = Base.lproj/LaunchScreen.storyboard; sourceTree = "<group>"; };
		DDA8C9B92137682A0095CEC7 /* Info.plist */ = {isa = PBXFileReference; lastKnownFileType = text.plist.xml; path = Info.plist; sourceTree = "<group>"; };
		DDCFAC772146FF1C00E26D3B /* Hand.swift */ = {isa = PBXFileReference; lastKnownFileType = sourcecode.swift; path = Hand.swift; sourceTree = "<group>"; };
		DDCFAC7D214AE02000E26D3B /* Extensions.swift */ = {isa = PBXFileReference; fileEncoding = 4; lastKnownFileType = sourcecode.swift; path = Extensions.swift; sourceTree = "<group>"; };
		DDE4E5C0214CF1AF004827B2 /* off.wav */ = {isa = PBXFileReference; lastKnownFileType = audio.wav; path = off.wav; sourceTree = "<group>"; };
		DDE4E5C1214CF1AF004827B2 /* on.wav */ = {isa = PBXFileReference; lastKnownFileType = audio.wav; path = on.wav; sourceTree = "<group>"; };
/* End PBXFileReference section */

/* Begin PBXFrameworksBuildPhase section */
		DDA8C9A7213768260095CEC7 /* Frameworks */ = {
			isa = PBXFrameworksBuildPhase;
			buildActionMask = 2147483647;
			files = (
				265B9DACD001BC87E57A5081 /* Pods_Hand_Control.framework in Frameworks */,
			);
			runOnlyForDeploymentPostprocessing = 0;
		};
/* End PBXFrameworksBuildPhase section */

/* Begin PBXGroup section */
		BAA1AC3B937C3CDC6A474594 /* Pods */ = {
			isa = PBXGroup;
			children = (
				D2461FAB505AF73FC61912E0 /* Pods-Hand Control.debug.xcconfig */,
				C8BEBE2C15CF55301DA55FE2 /* Pods-Hand Control.release.xcconfig */,
			);
			name = Pods;
			sourceTree = "<group>";
		};
		D8B62DB45EA6074B5013ACFA /* Frameworks */ = {
			isa = PBXGroup;
			children = (
				128216B2CFE2D864973A1C03 /* Pods_Hand_Control.framework */,
			);
			name = Frameworks;
			sourceTree = "<group>";
		};
		DDA8C9A1213768260095CEC7 = {
			isa = PBXGroup;
			children = (
				DDA8C9AC213768260095CEC7 /* Hand Control */,
				DDA8C9AB213768260095CEC7 /* Products */,
				BAA1AC3B937C3CDC6A474594 /* Pods */,
				D8B62DB45EA6074B5013ACFA /* Frameworks */,
			);
			sourceTree = "<group>";
		};
		DDA8C9AB213768260095CEC7 /* Products */ = {
			isa = PBXGroup;
			children = (
				DDA8C9AA213768260095CEC7 /* Hands-On AR.app */,
			);
			name = Products;
			sourceTree = "<group>";
		};
		DDA8C9AC213768260095CEC7 /* Hand Control */ = {
			isa = PBXGroup;
			children = (
				DDA8C9AD213768270095CEC7 /* AppDelegate.swift */,
				DDA8C9AF213768270095CEC7 /* ViewController.swift */,
				DDCFAC772146FF1C00E26D3B /* Hand.swift */,
				DDCFAC7D214AE02000E26D3B /* Extensions.swift */,
				DDA8C9B1213768270095CEC7 /* Main.storyboard */,
				DDA8C9B4213768290095CEC7 /* Assets.xcassets */,
				DDA8C9B6213768290095CEC7 /* LaunchScreen.storyboard */,
				DDA8C9B92137682A0095CEC7 /* Info.plist */,
				DDE4E5C1214CF1AF004827B2 /* on.wav */,
				DDE4E5C0214CF1AF004827B2 /* off.wav */,
			);
			path = "Hand Control";
			sourceTree = "<group>";
		};
/* End PBXGroup section */

/* Begin PBXNativeTarget section */
		DDA8C9A9213768260095CEC7 /* Hand Control */ = {
			isa = PBXNativeTarget;
			buildConfigurationList = DDA8C9BC2137682A0095CEC7 /* Build configuration list for PBXNativeTarget "Hand Control" */;
			buildPhases = (
				2F37539CB84B089BDCC0B3A1 /* [CP] Check Pods Manifest.lock */,
				DDA8C9A6213768260095CEC7 /* Sources */,
				DDA8C9A7213768260095CEC7 /* Frameworks */,
				DDA8C9A8213768260095CEC7 /* Resources */,
				9976922B2339C609CBFFB91D /* [CP] Embed Pods Frameworks */,
			);
			buildRules = (
			);
			dependencies = (
			);
			name = "Hand Control";
			productName = "Hand Control";
			productReference = DDA8C9AA213768260095CEC7 /* Hands-On AR.app */;
			productType = "com.apple.product-type.application";
		};
/* End PBXNativeTarget section */

/* Begin PBXProject section */
		DDA8C9A2213768260095CEC7 /* Project object */ = {
			isa = PBXProject;
			attributes = {
				LastSwiftUpdateCheck = 1000;
				LastUpgradeCheck = 1000;
				ORGANIZATIONNAME = "Justin R. Miller";
				TargetAttributes = {
					DDA8C9A9213768260095CEC7 = {
						CreatedOnToolsVersion = 10.0;
					};
				};
			};
			buildConfigurationList = DDA8C9A5213768260095CEC7 /* Build configuration list for PBXProject "Hand Control" */;
			compatibilityVersion = "Xcode 9.3";
			developmentRegion = en;
			hasScannedForEncodings = 0;
			knownRegions = (
				en,
				Base,
			);
			mainGroup = DDA8C9A1213768260095CEC7;
			productRefGroup = DDA8C9AB213768260095CEC7 /* Products */;
			projectDirPath = "";
			projectRoot = "";
			targets = (
				DDA8C9A9213768260095CEC7 /* Hand Control */,
			);
		};
/* End PBXProject section */

/* Begin PBXResourcesBuildPhase section */
		DDA8C9A8213768260095CEC7 /* Resources */ = {
			isa = PBXResourcesBuildPhase;
			buildActionMask = 2147483647;
			files = (
				DDE4E5C3214CF1AF004827B2 /* on.wav in Resources */,
				DDA8C9B8213768290095CEC7 /* LaunchScreen.storyboard in Resources */,
				DDA8C9B5213768290095CEC7 /* Assets.xcassets in Resources */,
				DDE4E5C2214CF1AF004827B2 /* off.wav in Resources */,
				DDA8C9B3213768270095CEC7 /* Main.storyboard in Resources */,
			);
			runOnlyForDeploymentPostprocessing = 0;
		};
/* End PBXResourcesBuildPhase section */

/* Begin PBXShellScriptBuildPhase section */
		2F37539CB84B089BDCC0B3A1 /* [CP] Check Pods Manifest.lock */ = {
			isa = PBXShellScriptBuildPhase;
			buildActionMask = 2147483647;
			files = (
			);
			inputFileListPaths = (
			);
			inputPaths = (
				"${PODS_PODFILE_DIR_PATH}/Podfile.lock",
				"${PODS_ROOT}/Manifest.lock",
			);
			name = "[CP] Check Pods Manifest.lock";
			outputFileListPaths = (
			);
			outputPaths = (
				"$(DERIVED_FILE_DIR)/Pods-Hand Control-checkManifestLockResult.txt",
			);
			runOnlyForDeploymentPostprocessing = 0;
			shellPath = /bin/sh;
			shellScript = "diff \"${PODS_PODFILE_DIR_PATH}/Podfile.lock\" \"${PODS_ROOT}/Manifest.lock\" > /dev/null\nif [ $? != 0 ] ; then\n    # print error to STDERR\n    echo \"error: The sandbox is not in sync with the Podfile.lock. Run 'pod install' or update your CocoaPods installation.\" >&2\n    exit 1\nfi\n# This output is used by Xcode 'outputs' to avoid re-running this script phase.\necho \"SUCCESS\" > \"${SCRIPT_OUTPUT_FILE_0}\"\n";
			showEnvVarsInLog = 0;
		};
		9976922B2339C609CBFFB91D /* [CP] Embed Pods Frameworks */ = {
			isa = PBXShellScriptBuildPhase;
			buildActionMask = 2147483647;
			files = (
			);
			inputFileListPaths = (
			);
			inputPaths = (
				"${SRCROOT}/Pods/Target Support Files/Pods-Hand Control/Pods-Hand Control-frameworks.sh",
				"${BUILT_PRODUCTS_DIR}/SwiftSocket/SwiftSocket.framework",
			);
			name = "[CP] Embed Pods Frameworks";
			outputFileListPaths = (
			);
			outputPaths = (
				"${TARGET_BUILD_DIR}/${FRAMEWORKS_FOLDER_PATH}/SwiftSocket.framework",
			);
			runOnlyForDeploymentPostprocessing = 0;
			shellPath = /bin/sh;
			shellScript = "\"${SRCROOT}/Pods/Target Support Files/Pods-Hand Control/Pods-Hand Control-frameworks.sh\"\n";
			showEnvVarsInLog = 0;
		};
/* End PBXShellScriptBuildPhase section */

/* Begin PBXSourcesBuildPhase section */
		DDA8C9A6213768260095CEC7 /* Sources */ = {
			isa = PBXSourcesBuildPhase;
			buildActionMask = 2147483647;
			files = (
				DDA8C9B0213768270095CEC7 /* ViewController.swift in Sources */,
				DDA8C9AE213768270095CEC7 /* AppDelegate.swift in Sources */,
				DDCFAC782146FF1C00E26D3B /* Hand.swift in Sources */,
				DDCFAC7E214AE02000E26D3B /* Extensions.swift in Sources */,
			);
			runOnlyForDeploymentPostprocessing = 0;
		};
/* End PBXSourcesBuildPhase section */

/* Begin PBXVariantGroup section */
		DDA8C9B1213768270095CEC7 /* Main.storyboard */ = {
			isa = PBXVariantGroup;
			children = (
				DDA8C9B2213768270095CEC7 /* Base */,
			);
			name = Main.storyboard;
			sourceTree = "<group>";
		};
		DDA8C9B6213768290095CEC7 /* LaunchScreen.storyboard */ = {
			isa = PBXVariantGroup;
			children = (
				DDA8C9B7213768290095CEC7 /* Base */,
			);
			name = LaunchScreen.storyboard;
			sourceTree = "<group>";
		};
/* End PBXVariantGroup section */

/* Begin XCBuildConfiguration section */
		DDA8C9BA2137682A0095CEC7 /* Debug */ = {
			isa = XCBuildConfiguration;
			buildSettings = {
				ALWAYS_SEARCH_USER_PATHS = NO;
				CLANG_ANALYZER_NONNULL = YES;
				CLANG_ANALYZER_NUMBER_OBJECT_CONVERSION = YES_AGGRESSIVE;
				CLANG_CXX_LANGUAGE_STANDARD = "gnu++14";
				CLANG_CXX_LIBRARY = "libc++";
				CLANG_ENABLE_MODULES = YES;
				CLANG_ENABLE_OBJC_ARC = YES;
				CLANG_ENABLE_OBJC_WEAK = YES;
				CLANG_WARN_BLOCK_CAPTURE_AUTORELEASING = YES;
				CLANG_WARN_BOOL_CONVERSION = YES;
				CLANG_WARN_COMMA = YES;
				CLANG_WARN_CONSTANT_CONVERSION = YES;
				CLANG_WARN_DEPRECATED_OBJC_IMPLEMENTATIONS = YES;
				CLANG_WARN_DIRECT_OBJC_ISA_USAGE = YES_ERROR;
				CLANG_WARN_DOCUMENTATION_COMMENTS = YES;
				CLANG_WARN_EMPTY_BODY = YES;
				CLANG_WARN_ENUM_CONVERSION = YES;
				CLANG_WARN_INFINITE_RECURSION = YES;
				CLANG_WARN_INT_CONVERSION = YES;
				CLANG_WARN_NON_LITERAL_NULL_CONVERSION = YES;
				CLANG_WARN_OBJC_IMPLICIT_RETAIN_SELF = YES;
				CLANG_WARN_OBJC_LITERAL_CONVERSION = YES;
				CLANG_WARN_OBJC_ROOT_CLASS = YES_ERROR;
				CLANG_WARN_RANGE_LOOP_ANALYSIS = YES;
				CLANG_WARN_STRICT_PROTOTYPES = YES;
				CLANG_WARN_SUSPICIOUS_MOVE = YES;
				CLANG_WARN_UNGUARDED_AVAILABILITY = YES_AGGRESSIVE;
				CLANG_WARN_UNREACHABLE_CODE = YES;
				CLANG_WARN__DUPLICATE_METHOD_MATCH = YES;
				CODE_SIGN_IDENTITY = "iPhone Developer";
				COPY_PHASE_STRIP = NO;
				DEBUG_INFORMATION_FORMAT = dwarf;
				ENABLE_STRICT_OBJC_MSGSEND = YES;
				ENABLE_TESTABILITY = YES;
				GCC_C_LANGUAGE_STANDARD = gnu11;
				GCC_DYNAMIC_NO_PIC = NO;
				GCC_NO_COMMON_BLOCKS = YES;
				GCC_OPTIMIZATION_LEVEL = 0;
				GCC_PREPROCESSOR_DEFINITIONS = (
					"DEBUG=1",
					"$(inherited)",
				);
				GCC_WARN_64_TO_32_BIT_CONVERSION = YES;
				GCC_WARN_ABOUT_RETURN_TYPE = YES_ERROR;
				GCC_WARN_UNDECLARED_SELECTOR = YES;
				GCC_WARN_UNINITIALIZED_AUTOS = YES_AGGRESSIVE;
				GCC_WARN_UNUSED_FUNCTION = YES;
				GCC_WARN_UNUSED_VARIABLE = YES;
				IPHONEOS_DEPLOYMENT_TARGET = 12.0;
				MTL_ENABLE_DEBUG_INFO = INCLUDE_SOURCE;
				MTL_FAST_MATH = YES;
				ONLY_ACTIVE_ARCH = YES;
				SDKROOT = iphoneos;
				SWIFT_ACTIVE_COMPILATION_CONDITIONS = DEBUG;
				SWIFT_OPTIMIZATION_LEVEL = "-Onone";
			};
			name = Debug;
		};
		DDA8C9BB2137682A0095CEC7 /* Release */ = {
			isa = XCBuildConfiguration;
			buildSettings = {
				ALWAYS_SEARCH_USER_PATHS = NO;
				CLANG_ANALYZER_NONNULL = YES;
				CLANG_ANALYZER_NUMBER_OBJECT_CONVERSION = YES_AGGRESSIVE;
				CLANG_CXX_LANGUAGE_STANDARD = "gnu++14";
				CLANG_CXX_LIBRARY = "libc++";
				CLANG_ENABLE_MODULES = YES;
				CLANG_ENABLE_OBJC_ARC = YES;
				CLANG_ENABLE_OBJC_WEAK = YES;
				CLANG_WARN_BLOCK_CAPTURE_AUTORELEASING = YES;
				CLANG_WARN_BOOL_CONVERSION = YES;
				CLANG_WARN_COMMA = YES;
				CLANG_WARN_CONSTANT_CONVERSION = YES;
				CLANG_WARN_DEPRECATED_OBJC_IMPLEMENTATIONS = YES;
				CLANG_WARN_DIRECT_OBJC_ISA_USAGE = YES_ERROR;
				CLANG_WARN_DOCUMENTATION_COMMENTS = YES;
				CLANG_WARN_EMPTY_BODY = YES;
				CLANG_WARN_ENUM_CONVERSION = YES;
				CLANG_WARN_INFINITE_RECURSION = YES;
				CLANG_WARN_INT_CONVERSION = YES;
				CLANG_WARN_NON_LITERAL_NULL_CONVERSION = YES;
				CLANG_WARN_OBJC_IMPLICIT_RETAIN_SELF = YES;
				CLANG_WARN_OBJC_LITERAL_CONVERSION = YES;
				CLANG_WARN_OBJC_ROOT_CLASS = YES_ERROR;
				CLANG_WARN_RANGE_LOOP_ANALYSIS = YES;
				CLANG_WARN_STRICT_PROTOTYPES = YES;
				CLANG_WARN_SUSPICIOUS_MOVE = YES;
				CLANG_WARN_UNGUARDED_AVAILABILITY = YES_AGGRESSIVE;
				CLANG_WARN_UNREACHABLE_CODE = YES;
				CLANG_WARN__DUPLICATE_METHOD_MATCH = YES;
				CODE_SIGN_IDENTITY = "iPhone Developer";
				COPY_PHASE_STRIP = NO;
				DEBUG_INFORMATION_FORMAT = "dwarf-with-dsym";
				ENABLE_NS_ASSERTIONS = NO;
				ENABLE_STRICT_OBJC_MSGSEND = YES;
				GCC_C_LANGUAGE_STANDARD = gnu11;
				GCC_NO_COMMON_BLOCKS = YES;
				GCC_WARN_64_TO_32_BIT_CONVERSION = YES;
				GCC_WARN_ABOUT_RETURN_TYPE = YES_ERROR;
				GCC_WARN_UNDECLARED_SELECTOR = YES;
				GCC_WARN_UNINITIALIZED_AUTOS = YES_AGGRESSIVE;
				GCC_WARN_UNUSED_FUNCTION = YES;
				GCC_WARN_UNUSED_VARIABLE = YES;
				IPHONEOS_DEPLOYMENT_TARGET = 12.0;
				MTL_ENABLE_DEBUG_INFO = NO;
				MTL_FAST_MATH = YES;
				SDKROOT = iphoneos;
				SWIFT_COMPILATION_MODE = wholemodule;
				SWIFT_OPTIMIZATION_LEVEL = "-O";
				VALIDATE_PRODUCT = YES;
			};
			name = Release;
		};
		DDA8C9BD2137682A0095CEC7 /* Debug */ = {
			isa = XCBuildConfiguration;
			baseConfigurationReference = D2461FAB505AF73FC61912E0 /* Pods-Hand Control.debug.xcconfig */;
			buildSettings = {
				ASSETCATALOG_COMPILER_APPICON_NAME = AppIcon;
				CODE_SIGN_STYLE = Automatic;
				DEVELOPMENT_TEAM = BCEFQF8MNF;
				INFOPLIST_FILE = "Hand Control/Info.plist";
				LD_RUNPATH_SEARCH_PATHS = (
					"$(inherited)",
					"@executable_path/Frameworks",
				);
				PRODUCT_BUNDLE_IDENTIFIER = "io.justinmiller.Hand-Control";
				PRODUCT_NAME = "Hands-On AR";
				SWIFT_VERSION = 4.2;
				TARGETED_DEVICE_FAMILY = "1,2";
			};
			name = Debug;
		};
		DDA8C9BE2137682A0095CEC7 /* Release */ = {
			isa = XCBuildConfiguration;
			baseConfigurationReference = C8BEBE2C15CF55301DA55FE2 /* Pods-Hand Control.release.xcconfig */;
			buildSettings = {
				ASSETCATALOG_COMPILER_APPICON_NAME = AppIcon;
				CODE_SIGN_STYLE = Automatic;
				DEVELOPMENT_TEAM = BCEFQF8MNF;
				INFOPLIST_FILE = "Hand Control/Info.plist";
				LD_RUNPATH_SEARCH_PATHS = (
					"$(inherited)",
					"@executable_path/Frameworks",
				);
				PRODUCT_BUNDLE_IDENTIFIER = "io.justinmiller.Hand-Control";
				PRODUCT_NAME = "Hands-On AR";
				SWIFT_VERSION = 4.2;
				TARGETED_DEVICE_FAMILY = "1,2";
			};
			name = Release;
		};
/* End XCBuildConfiguration section */

/* Begin XCConfigurationList section */
		DDA8C9A5213768260095CEC7 /* Build configuration list for PBXProject "Hand Control" */ = {
			isa = XCConfigurationList;
			buildConfigurations = (
				DDA8C9BA2137682A0095CEC7 /* Debug */,
				DDA8C9BB2137682A0095CEC7 /* Release */,
			);
			defaultConfigurationIsVisible = 0;
			defaultConfigurationName = Release;
		};
		DDA8C9BC2137682A0095CEC7 /* Build configuration list for PBXNativeTarget "Hand Control" */ = {
			isa = XCConfigurationList;
			buildConfigurations = (
				DDA8C9BD2137682A0095CEC7 /* Debug */,
				DDA8C9BE2137682A0095CEC7 /* Release */,
			);
			defaultConfigurationIsVisible = 0;
			defaultConfigurationName = Release;
		};
/* End XCConfigurationList section */
	};
	rootObject = DDA8C9A2213768260095CEC7 /* Project object */;
}
